
Microsoft Visual Studio Solution File, Format Version 12.00
# Visual Studio Version 16
VisualStudioVersion = 16.0.31702.278
MinimumVisualStudioVersion = 10.0.40219.1
Project("{FAE04EC0-301F-11D3-BF4B-00C04F79EFBC}") = "AITResearch", "AITResearch\AITResearch.csproj", "{D242034D-69D6-424F-946A-44B0EDBB2011}"
EndProject
Global
	GlobalSection(SolutionConfigurationPlatforms) = preSolution
		Debug|Any CPU = Debug|Any CPU
		Release|Any CPU = Release|Any CPU
	EndGlobalSection
	GlobalSection(ProjectConfigurationPlatforms) = postSolution
		{D242034D-69D6-424F-946A-44B0EDBB2011}.Debug|Any CPU.ActiveCfg = Debug|Any CPU
		{D242034D-69D6-424F-946A-44B0EDBB2011}.Debug|Any CPU.Build.0 = Debug|Any CPU
		{D242034D-69D6-424F-946A-44B0EDBB2011}.Release|Any CPU.ActiveCfg = Release|Any CPU
		{D242034D-69D6-424F-946A-44B0EDBB2011}.Release|Any CPU.Build.0 = Release|Any CPU
	EndGlobalSection
	GlobalSection(SolutionProperties) = preSolution
		HideSolutionNode = FALSE
	EndGlobalSection
	GlobalSection(ExtensibilityGlobals) = postSolution
		SolutionGuid = {E9FB3D13-7E89-4965-AE27-8CD569788D89}
	EndGlobalSection
EndGlobal
